// !$*UTF8*$!
{
	archiveVersion = 1;
	classes = {
	};
	objectVersion = 46;
	objects = {

/* Begin PBXBuildFile section */
		C40568291C27BDA80079A92F /* ListDetailsViewController.swift in Sources */ = {isa = PBXBuildFile; fileRef = C40568281C27BDA80079A92F /* ListDetailsViewController.swift */; };
		C405682D1C27C6ED0079A92F /* AddToListFromIngredientDetailsViewController.swift in Sources */ = {isa = PBXBuildFile; fileRef = C405682C1C27C6ED0079A92F /* AddToListFromIngredientDetailsViewController.swift */; };
		C441BBE31C35675000EDE042 /* FoodNames.txt in Resources */ = {isa = PBXBuildFile; fileRef = C441BBE21C35675000EDE042 /* FoodNames.txt */; };
		C441BBEA1C3AA72000EDE042 /* PeristenceManager.swift in Sources */ = {isa = PBXBuildFile; fileRef = C441BBE91C3AA72000EDE042 /* PeristenceManager.swift */; };
		C442CC291C0ADB2000BDC38C /* IngredientsByLocation.swift in Sources */ = {isa = PBXBuildFile; fileRef = C442CC281C0ADB2000BDC38C /* IngredientsByLocation.swift */; };
		C45F3CBB1B9AC4E40010FEF0 /* AppDelegate.swift in Sources */ = {isa = PBXBuildFile; fileRef = C45F3CBA1B9AC4E40010FEF0 /* AppDelegate.swift */; };
		C45F3CBD1B9AC4E40010FEF0 /* FridgeViewController.swift in Sources */ = {isa = PBXBuildFile; fileRef = C45F3CBC1B9AC4E40010FEF0 /* FridgeViewController.swift */; };
		C45F3CBF1B9AC4E40010FEF0 /* SecondViewController.swift in Sources */ = {isa = PBXBuildFile; fileRef = C45F3CBE1B9AC4E40010FEF0 /* SecondViewController.swift */; };
		C45F3CC21B9AC4E40010FEF0 /* Main.storyboard in Resources */ = {isa = PBXBuildFile; fileRef = C45F3CC01B9AC4E40010FEF0 /* Main.storyboard */; };
		C45F3CC41B9AC4E40010FEF0 /* Images.xcassets in Resources */ = {isa = PBXBuildFile; fileRef = C45F3CC31B9AC4E40010FEF0 /* Images.xcassets */; };
		C45F3CC71B9AC4E40010FEF0 /* LaunchScreen.xib in Resources */ = {isa = PBXBuildFile; fileRef = C45F3CC51B9AC4E40010FEF0 /* LaunchScreen.xib */; };
		C45F3CD31B9AC4E40010FEF0 /* FridgeAppTests.swift in Sources */ = {isa = PBXBuildFile; fileRef = C45F3CD21B9AC4E40010FEF0 /* FridgeAppTests.swift */; };
		C45F3CDD1B9AC75E0010FEF0 /* ListViewController.swift in Sources */ = {isa = PBXBuildFile; fileRef = C45F3CDC1B9AC75E0010FEF0 /* ListViewController.swift */; };
		C45F3CDF1B9ACA900010FEF0 /* FourthViewController.swift in Sources */ = {isa = PBXBuildFile; fileRef = C45F3CDE1B9ACA900010FEF0 /* FourthViewController.swift */; };
		C46E16F01BAE844E00279B69 /* ChooseAFridgeVC.swift in Sources */ = {isa = PBXBuildFile; fileRef = C46E16EF1BAE844E00279B69 /* ChooseAFridgeVC.swift */; };
		C46F4E621BCF80B00020F682 /* NewIngredientViewController.swift in Sources */ = {isa = PBXBuildFile; fileRef = C46F4E611BCF80B00020F682 /* NewIngredientViewController.swift */; };
		C4705D291C35031F00952CB7 /* .gitignore in Resources */ = {isa = PBXBuildFile; fileRef = C4705D281C35031F00952CB7 /* .gitignore */; };
		C48272111BB122BE00BACE1D /* FridgeInfo.swift in Sources */ = {isa = PBXBuildFile; fileRef = C48272101BB122BE00BACE1D /* FridgeInfo.swift */; };
		C48272131BB129AC00BACE1D /* ConfirmFridgeVC.swift in Sources */ = {isa = PBXBuildFile; fileRef = C48272121BB129AC00BACE1D /* ConfirmFridgeVC.swift */; };
		C485EA091BEDD65800AB9FDA /* FridgePageContentViewController.swift in Sources */ = {isa = PBXBuildFile; fileRef = C485EA081BEDD65800AB9FDA /* FridgePageContentViewController.swift */; };
		C4937B911C019C07008505B9 /* FridgeTabBarController.swift in Sources */ = {isa = PBXBuildFile; fileRef = C4937B901C019C07008505B9 /* FridgeTabBarController.swift */; };
		C49D0A611C1F0F6D00C23EE3 /* TabBarDelegate.swift in Sources */ = {isa = PBXBuildFile; fileRef = C49D0A601C1F0F6D00C23EE3 /* TabBarDelegate.swift */; };
		C49FB9051C2A501000231C8E /* AddToListFromIngredientsCollectionViewCell.swift in Sources */ = {isa = PBXBuildFile; fileRef = C49FB9041C2A501000231C8E /* AddToListFromIngredientsCollectionViewCell.swift */; };
		C4CA4D4E1C1F073C005F6236 /* ExpireTableViewCell.swift in Sources */ = {isa = PBXBuildFile; fileRef = C4CA4D4D1C1F073C005F6236 /* ExpireTableViewCell.swift */; };
		C4CA4D501C1F08C6005F6236 /* ExpireTableView.swift in Sources */ = {isa = PBXBuildFile; fileRef = C4CA4D4F1C1F08C6005F6236 /* ExpireTableView.swift */; };
		C4E458F81C2777A6005B28E3 /* ListCollectionViewCell.swift in Sources */ = {isa = PBXBuildFile; fileRef = C4E458F71C2777A6005B28E3 /* ListCollectionViewCell.swift */; };
		C4F1739F1BB69319002D9DA1 /* FoodsListTableViewCell.swift in Sources */ = {isa = PBXBuildFile; fileRef = C4F1739E1BB69319002D9DA1 /* FoodsListTableViewCell.swift */; };
		C4F173A21BB698B5002D9DA1 /* FoodsListTableViewController.swift in Sources */ = {isa = PBXBuildFile; fileRef = C4F173A01BB698B5002D9DA1 /* FoodsListTableViewController.swift */; };
		C4F173A51BB97C75002D9DA1 /* Ingredient.swift in Sources */ = {isa = PBXBuildFile; fileRef = C4F173A41BB97C75002D9DA1 /* Ingredient.swift */; };
		C4F56E551C2FB082004B6F42 /* Cartfile in Resources */ = {isa = PBXBuildFile; fileRef = C4F56E541C2FB082004B6F42 /* Cartfile */; };
		C4F56E681C3030E8004B6F42 /* Lists.swift in Sources */ = {isa = PBXBuildFile; fileRef = C4F56E671C3030E8004B6F42 /* Lists.swift */; };
		C4F56E771C317C46004B6F42 /* Info.plist in Resources */ = {isa = PBXBuildFile; fileRef = C4F56E721C317C46004B6F42 /* Info.plist */; };
		C4F56E781C317C46004B6F42 /* Info.plist in Resources */ = {isa = PBXBuildFile; fileRef = C4F56E721C317C46004B6F42 /* Info.plist */; };
		C4F56E791C317C46004B6F42 /* MGSwipeButton.m in Sources */ = {isa = PBXBuildFile; fileRef = C4F56E741C317C46004B6F42 /* MGSwipeButton.m */; };
		C4F56E7A1C317C46004B6F42 /* MGSwipeButton.m in Sources */ = {isa = PBXBuildFile; fileRef = C4F56E741C317C46004B6F42 /* MGSwipeButton.m */; };
		C4F56E7B1C317C46004B6F42 /* MGSwipeTableCell.m in Sources */ = {isa = PBXBuildFile; fileRef = C4F56E761C317C46004B6F42 /* MGSwipeTableCell.m */; };
		C4F56E7C1C317C46004B6F42 /* MGSwipeTableCell.m in Sources */ = {isa = PBXBuildFile; fileRef = C4F56E761C317C46004B6F42 /* MGSwipeTableCell.m */; };
/* End PBXBuildFile section */

/* Begin PBXContainerItemProxy section */
		C45F3CCD1B9AC4E40010FEF0 /* PBXContainerItemProxy */ = {
			isa = PBXContainerItemProxy;
			containerPortal = C45F3CAD1B9AC4E40010FEF0 /* Project object */;
			proxyType = 1;
			remoteGlobalIDString = C45F3CB41B9AC4E40010FEF0;
			remoteInfo = FridgeApp;
		};
		C4F5D0B51C276F450072C28B /* PBXContainerItemProxy */ = {
			isa = PBXContainerItemProxy;
			containerPortal = C4F5D0B01C276F450072C28B /* SwiftDate.xcodeproj */;
			proxyType = 2;
			remoteGlobalIDString = 8C42382C193E75090016236D;
			remoteInfo = SwiftDate;
		};
		C4F5D0B71C276F450072C28B /* PBXContainerItemProxy */ = {
			isa = PBXContainerItemProxy;
			containerPortal = C4F5D0B01C276F450072C28B /* SwiftDate.xcodeproj */;
			proxyType = 2;
			remoteGlobalIDString = 8C423837193E75090016236D;
			remoteInfo = SwiftDateTests;
		};
/* End PBXContainerItemProxy section */

/* Begin PBXFileReference section */
		C40080671C2FA6D9009BC1EC /* FridgeApp-Bridging-Header.h */ = {isa = PBXFileReference; lastKnownFileType = sourcecode.c.h; path = "FridgeApp-Bridging-Header.h"; sourceTree = "<group>"; };
		C40568281C27BDA80079A92F /* ListDetailsViewController.swift */ = {isa = PBXFileReference; fileEncoding = 4; lastKnownFileType = sourcecode.swift; path = ListDetailsViewController.swift; sourceTree = "<group>"; };
		C405682C1C27C6ED0079A92F /* AddToListFromIngredientDetailsViewController.swift */ = {isa = PBXFileReference; fileEncoding = 4; lastKnownFileType = sourcecode.swift; path = AddToListFromIngredientDetailsViewController.swift; sourceTree = "<group>"; };
		C441BBE21C35675000EDE042 /* FoodNames.txt */ = {isa = PBXFileReference; fileEncoding = 4; lastKnownFileType = text; path = FoodNames.txt; sourceTree = "<group>"; };
		C441BBE91C3AA72000EDE042 /* PeristenceManager.swift */ = {isa = PBXFileReference; fileEncoding = 4; lastKnownFileType = sourcecode.swift; path = PeristenceManager.swift; sourceTree = "<group>"; };
		C442CC281C0ADB2000BDC38C /* IngredientsByLocation.swift */ = {isa = PBXFileReference; fileEncoding = 4; lastKnownFileType = sourcecode.swift; path = IngredientsByLocation.swift; sourceTree = "<group>"; };
		C45F3CB51B9AC4E40010FEF0 /* FridgeApp.app */ = {isa = PBXFileReference; explicitFileType = wrapper.application; includeInIndex = 0; path = FridgeApp.app; sourceTree = BUILT_PRODUCTS_DIR; };
		C45F3CB91B9AC4E40010FEF0 /* Info.plist */ = {isa = PBXFileReference; lastKnownFileType = text.plist.xml; path = Info.plist; sourceTree = "<group>"; };
		C45F3CBA1B9AC4E40010FEF0 /* AppDelegate.swift */ = {isa = PBXFileReference; lastKnownFileType = sourcecode.swift; path = AppDelegate.swift; sourceTree = "<group>"; };
		C45F3CBC1B9AC4E40010FEF0 /* FridgeViewController.swift */ = {isa = PBXFileReference; lastKnownFileType = sourcecode.swift; path = FridgeViewController.swift; sourceTree = "<group>"; };
		C45F3CBE1B9AC4E40010FEF0 /* SecondViewController.swift */ = {isa = PBXFileReference; lastKnownFileType = sourcecode.swift; path = SecondViewController.swift; sourceTree = "<group>"; };
		C45F3CC11B9AC4E40010FEF0 /* Base */ = {isa = PBXFileReference; lastKnownFileType = file.storyboard; name = Base; path = Base.lproj/Main.storyboard; sourceTree = "<group>"; };
		C45F3CC31B9AC4E40010FEF0 /* Images.xcassets */ = {isa = PBXFileReference; lastKnownFileType = folder.assetcatalog; path = Images.xcassets; sourceTree = "<group>"; };
		C45F3CC61B9AC4E40010FEF0 /* Base */ = {isa = PBXFileReference; lastKnownFileType = file.xib; name = Base; path = Base.lproj/LaunchScreen.xib; sourceTree = "<group>"; };
		C45F3CCC1B9AC4E40010FEF0 /* FridgeAppTests.xctest */ = {isa = PBXFileReference; explicitFileType = wrapper.cfbundle; includeInIndex = 0; path = FridgeAppTests.xctest; sourceTree = BUILT_PRODUCTS_DIR; };
		C45F3CD11B9AC4E40010FEF0 /* Info.plist */ = {isa = PBXFileReference; lastKnownFileType = text.plist.xml; path = Info.plist; sourceTree = "<group>"; };
		C45F3CD21B9AC4E40010FEF0 /* FridgeAppTests.swift */ = {isa = PBXFileReference; lastKnownFileType = sourcecode.swift; path = FridgeAppTests.swift; sourceTree = "<group>"; };
		C45F3CDC1B9AC75E0010FEF0 /* ListViewController.swift */ = {isa = PBXFileReference; fileEncoding = 4; lastKnownFileType = sourcecode.swift; path = ListViewController.swift; sourceTree = "<group>"; };
		C45F3CDE1B9ACA900010FEF0 /* FourthViewController.swift */ = {isa = PBXFileReference; fileEncoding = 4; lastKnownFileType = sourcecode.swift; path = FourthViewController.swift; sourceTree = "<group>"; };
		C46E16EF1BAE844E00279B69 /* ChooseAFridgeVC.swift */ = {isa = PBXFileReference; fileEncoding = 4; lastKnownFileType = sourcecode.swift; path = ChooseAFridgeVC.swift; sourceTree = "<group>"; };
		C46F4E611BCF80B00020F682 /* NewIngredientViewController.swift */ = {isa = PBXFileReference; fileEncoding = 4; lastKnownFileType = sourcecode.swift; path = NewIngredientViewController.swift; sourceTree = "<group>"; };
		C4705D281C35031F00952CB7 /* .gitignore */ = {isa = PBXFileReference; fileEncoding = 4; lastKnownFileType = text; path = .gitignore; sourceTree = "<group>"; };
		C48272101BB122BE00BACE1D /* FridgeInfo.swift */ = {isa = PBXFileReference; fileEncoding = 4; lastKnownFileType = sourcecode.swift; path = FridgeInfo.swift; sourceTree = "<group>"; };
		C48272121BB129AC00BACE1D /* ConfirmFridgeVC.swift */ = {isa = PBXFileReference; fileEncoding = 4; lastKnownFileType = sourcecode.swift; path = ConfirmFridgeVC.swift; sourceTree = "<group>"; };
		C485EA081BEDD65800AB9FDA /* FridgePageContentViewController.swift */ = {isa = PBXFileReference; fileEncoding = 4; lastKnownFileType = sourcecode.swift; path = FridgePageContentViewController.swift; sourceTree = "<group>"; };
		C4937B901C019C07008505B9 /* FridgeTabBarController.swift */ = {isa = PBXFileReference; fileEncoding = 4; lastKnownFileType = sourcecode.swift; path = FridgeTabBarController.swift; sourceTree = "<group>"; };
		C49D0A601C1F0F6D00C23EE3 /* TabBarDelegate.swift */ = {isa = PBXFileReference; fileEncoding = 4; lastKnownFileType = sourcecode.swift; path = TabBarDelegate.swift; sourceTree = "<group>"; };
		C49FB9041C2A501000231C8E /* AddToListFromIngredientsCollectionViewCell.swift */ = {isa = PBXFileReference; fileEncoding = 4; lastKnownFileType = sourcecode.swift; path = AddToListFromIngredientsCollectionViewCell.swift; sourceTree = "<group>"; };
		C4CA4D4D1C1F073C005F6236 /* ExpireTableViewCell.swift */ = {isa = PBXFileReference; fileEncoding = 4; lastKnownFileType = sourcecode.swift; path = ExpireTableViewCell.swift; sourceTree = "<group>"; };
		C4CA4D4F1C1F08C6005F6236 /* ExpireTableView.swift */ = {isa = PBXFileReference; fileEncoding = 4; lastKnownFileType = sourcecode.swift; path = ExpireTableView.swift; sourceTree = "<group>"; };
		C4E458F71C2777A6005B28E3 /* ListCollectionViewCell.swift */ = {isa = PBXFileReference; fileEncoding = 4; lastKnownFileType = sourcecode.swift; path = ListCollectionViewCell.swift; sourceTree = "<group>"; };
		C4F1739E1BB69319002D9DA1 /* FoodsListTableViewCell.swift */ = {isa = PBXFileReference; fileEncoding = 4; lastKnownFileType = sourcecode.swift; path = FoodsListTableViewCell.swift; sourceTree = "<group>"; };
		C4F173A01BB698B5002D9DA1 /* FoodsListTableViewController.swift */ = {isa = PBXFileReference; fileEncoding = 4; lastKnownFileType = sourcecode.swift; path = FoodsListTableViewController.swift; sourceTree = "<group>"; };
		C4F173A41BB97C75002D9DA1 /* Ingredient.swift */ = {isa = PBXFileReference; fileEncoding = 4; lastKnownFileType = sourcecode.swift; path = Ingredient.swift; sourceTree = "<group>"; };
		C4F56E541C2FB082004B6F42 /* Cartfile */ = {isa = PBXFileReference; fileEncoding = 4; lastKnownFileType = text; path = Cartfile; sourceTree = "<group>"; };
		C4F56E671C3030E8004B6F42 /* Lists.swift */ = {isa = PBXFileReference; fileEncoding = 4; lastKnownFileType = sourcecode.swift; path = Lists.swift; sourceTree = "<group>"; };
		C4F56E721C317C46004B6F42 /* Info.plist */ = {isa = PBXFileReference; fileEncoding = 4; lastKnownFileType = text.plist.xml; path = Info.plist; sourceTree = "<group>"; };
		C4F56E731C317C46004B6F42 /* MGSwipeButton.h */ = {isa = PBXFileReference; fileEncoding = 4; lastKnownFileType = sourcecode.c.h; path = MGSwipeButton.h; sourceTree = "<group>"; };
		C4F56E741C317C46004B6F42 /* MGSwipeButton.m */ = {isa = PBXFileReference; fileEncoding = 4; lastKnownFileType = sourcecode.c.objc; path = MGSwipeButton.m; sourceTree = "<group>"; };
		C4F56E751C317C46004B6F42 /* MGSwipeTableCell.h */ = {isa = PBXFileReference; fileEncoding = 4; lastKnownFileType = sourcecode.c.h; path = MGSwipeTableCell.h; sourceTree = "<group>"; };
		C4F56E761C317C46004B6F42 /* MGSwipeTableCell.m */ = {isa = PBXFileReference; fileEncoding = 4; lastKnownFileType = sourcecode.c.objc; path = MGSwipeTableCell.m; sourceTree = "<group>"; };
		C4F5D0B01C276F450072C28B /* SwiftDate.xcodeproj */ = {isa = PBXFileReference; lastKnownFileType = "wrapper.pb-project"; name = SwiftDate.xcodeproj; path = "../../../Downloads/SwiftDate-master-2/SwiftDate.xcodeproj"; sourceTree = "<group>"; };
/* End PBXFileReference section */

/* Begin PBXFrameworksBuildPhase section */
		C45F3CB21B9AC4E40010FEF0 /* Frameworks */ = {
			isa = PBXFrameworksBuildPhase;
			buildActionMask = 2147483647;
			files = (
			);
			runOnlyForDeploymentPostprocessing = 0;
		};
		C45F3CC91B9AC4E40010FEF0 /* Frameworks */ = {
			isa = PBXFrameworksBuildPhase;
			buildActionMask = 2147483647;
			files = (
			);
			runOnlyForDeploymentPostprocessing = 0;
		};
/* End PBXFrameworksBuildPhase section */

/* Begin PBXGroup section */
		C45F3CAC1B9AC4E40010FEF0 = {
			isa = PBXGroup;
			children = (
				C4705D281C35031F00952CB7 /* .gitignore */,
				C4F5D0B01C276F450072C28B /* SwiftDate.xcodeproj */,
				C45F3CB71B9AC4E40010FEF0 /* FridgeApp */,
				C45F3CCF1B9AC4E40010FEF0 /* FridgeAppTests */,
				C45F3CB61B9AC4E40010FEF0 /* Products */,
			);
			sourceTree = "<group>";
		};
		C45F3CB61B9AC4E40010FEF0 /* Products */ = {
			isa = PBXGroup;
			children = (
				C45F3CB51B9AC4E40010FEF0 /* FridgeApp.app */,
				C45F3CCC1B9AC4E40010FEF0 /* FridgeAppTests.xctest */,
			);
			name = Products;
			sourceTree = "<group>";
		};
		C45F3CB71B9AC4E40010FEF0 /* FridgeApp */ = {
			isa = PBXGroup;
			children = (
				C4F56E711C317C46004B6F42 /* MGSwipeTableCell */,
				C45F3CBA1B9AC4E40010FEF0 /* AppDelegate.swift */,
				C45F3CBE1B9AC4E40010FEF0 /* SecondViewController.swift */,
				C45F3CDE1B9ACA900010FEF0 /* FourthViewController.swift */,
				C45F3CC01B9AC4E40010FEF0 /* Main.storyboard */,
				C4937B901C019C07008505B9 /* FridgeTabBarController.swift */,
				C49D0A601C1F0F6D00C23EE3 /* TabBarDelegate.swift */,
				C48272101BB122BE00BACE1D /* FridgeInfo.swift */,
				C45F3CBC1B9AC4E40010FEF0 /* FridgeViewController.swift */,
				C485EA081BEDD65800AB9FDA /* FridgePageContentViewController.swift */,
				C46E16EF1BAE844E00279B69 /* ChooseAFridgeVC.swift */,
				C48272121BB129AC00BACE1D /* ConfirmFridgeVC.swift */,
				C4F173A41BB97C75002D9DA1 /* Ingredient.swift */,
				C4F173A01BB698B5002D9DA1 /* FoodsListTableViewController.swift */,
				C441BBE91C3AA72000EDE042 /* PeristenceManager.swift */,
				C4F1739E1BB69319002D9DA1 /* FoodsListTableViewCell.swift */,
				C46F4E611BCF80B00020F682 /* NewIngredientViewController.swift */,
				C441BBE21C35675000EDE042 /* FoodNames.txt */,
				C4F56E671C3030E8004B6F42 /* Lists.swift */,
				C45F3CDC1B9AC75E0010FEF0 /* ListViewController.swift */,
				C4E458F71C2777A6005B28E3 /* ListCollectionViewCell.swift */,
				C40568281C27BDA80079A92F /* ListDetailsViewController.swift */,
				C405682C1C27C6ED0079A92F /* AddToListFromIngredientDetailsViewController.swift */,
				C49FB9041C2A501000231C8E /* AddToListFromIngredientsCollectionViewCell.swift */,
				C4CA4D4F1C1F08C6005F6236 /* ExpireTableView.swift */,
				C4CA4D4D1C1F073C005F6236 /* ExpireTableViewCell.swift */,
				C4F56E541C2FB082004B6F42 /* Cartfile */,
				C45F3CC31B9AC4E40010FEF0 /* Images.xcassets */,
				C45F3CC51B9AC4E40010FEF0 /* LaunchScreen.xib */,
				C45F3CB81B9AC4E40010FEF0 /* Supporting Files */,
				C442CC281C0ADB2000BDC38C /* IngredientsByLocation.swift */,
				C40080671C2FA6D9009BC1EC /* FridgeApp-Bridging-Header.h */,
			);
			path = FridgeApp;
			sourceTree = "<group>";
		};
		C45F3CB81B9AC4E40010FEF0 /* Supporting Files */ = {
			isa = PBXGroup;
			children = (
				C45F3CB91B9AC4E40010FEF0 /* Info.plist */,
			);
			name = "Supporting Files";
			sourceTree = "<group>";
		};
		C45F3CCF1B9AC4E40010FEF0 /* FridgeAppTests */ = {
			isa = PBXGroup;
			children = (
				C45F3CD21B9AC4E40010FEF0 /* FridgeAppTests.swift */,
				C45F3CD01B9AC4E40010FEF0 /* Supporting Files */,
			);
			path = FridgeAppTests;
			sourceTree = "<group>";
		};
		C45F3CD01B9AC4E40010FEF0 /* Supporting Files */ = {
			isa = PBXGroup;
			children = (
				C45F3CD11B9AC4E40010FEF0 /* Info.plist */,
			);
			name = "Supporting Files";
			sourceTree = "<group>";
		};
		C4F56E711C317C46004B6F42 /* MGSwipeTableCell */ = {
			isa = PBXGroup;
			children = (
				C4F56E721C317C46004B6F42 /* Info.plist */,
				C4F56E731C317C46004B6F42 /* MGSwipeButton.h */,
				C4F56E741C317C46004B6F42 /* MGSwipeButton.m */,
				C4F56E751C317C46004B6F42 /* MGSwipeTableCell.h */,
				C4F56E761C317C46004B6F42 /* MGSwipeTableCell.m */,
			);
			path = MGSwipeTableCell;
			sourceTree = "<group>";
		};
		C4F5D0B11C276F450072C28B /* Products */ = {
			isa = PBXGroup;
			children = (
				C4F5D0B61C276F450072C28B /* SwiftDate.framework */,
				C4F5D0B81C276F450072C28B /* SwiftDateTests.xctest */,
			);
			name = Products;
			sourceTree = "<group>";
		};
/* End PBXGroup section */

/* Begin PBXNativeTarget section */
		C45F3CB41B9AC4E40010FEF0 /* FridgeApp */ = {
			isa = PBXNativeTarget;
			buildConfigurationList = C45F3CD61B9AC4E40010FEF0 /* Build configuration list for PBXNativeTarget "FridgeApp" */;
			buildPhases = (
				C45F3CB11B9AC4E40010FEF0 /* Sources */,
				C45F3CB21B9AC4E40010FEF0 /* Frameworks */,
				C45F3CB31B9AC4E40010FEF0 /* Resources */,
			);
			buildRules = (
			);
			dependencies = (
			);
			name = FridgeApp;
			productName = FridgeApp;
			productReference = C45F3CB51B9AC4E40010FEF0 /* FridgeApp.app */;
			productType = "com.apple.product-type.application";
		};
		C45F3CCB1B9AC4E40010FEF0 /* FridgeAppTests */ = {
			isa = PBXNativeTarget;
			buildConfigurationList = C45F3CD91B9AC4E40010FEF0 /* Build configuration list for PBXNativeTarget "FridgeAppTests" */;
			buildPhases = (
				C45F3CC81B9AC4E40010FEF0 /* Sources */,
				C45F3CC91B9AC4E40010FEF0 /* Frameworks */,
				C45F3CCA1B9AC4E40010FEF0 /* Resources */,
			);
			buildRules = (
			);
			dependencies = (
				C45F3CCE1B9AC4E40010FEF0 /* PBXTargetDependency */,
			);
			name = FridgeAppTests;
			productName = FridgeAppTests;
			productReference = C45F3CCC1B9AC4E40010FEF0 /* FridgeAppTests.xctest */;
			productType = "com.apple.product-type.bundle.unit-test";
		};
/* End PBXNativeTarget section */

/* Begin PBXProject section */
		C45F3CAD1B9AC4E40010FEF0 /* Project object */ = {
			isa = PBXProject;
			attributes = {
				LastSwiftUpdateCheck = 0720;
				LastUpgradeCheck = 0720;
				ORGANIZATIONNAME = "Chase Peers";
				TargetAttributes = {
					C45F3CB41B9AC4E40010FEF0 = {
						CreatedOnToolsVersion = 6.4;
						DevelopmentTeam = DQYDDUA4LU;
					};
					C45F3CCB1B9AC4E40010FEF0 = {
						CreatedOnToolsVersion = 6.4;
						TestTargetID = C45F3CB41B9AC4E40010FEF0;
					};
				};
			};
			buildConfigurationList = C45F3CB01B9AC4E40010FEF0 /* Build configuration list for PBXProject "FridgeApp" */;
			compatibilityVersion = "Xcode 3.2";
			developmentRegion = English;
			hasScannedForEncodings = 0;
			knownRegions = (
				en,
				Base,
			);
			mainGroup = C45F3CAC1B9AC4E40010FEF0;
			productRefGroup = C45F3CB61B9AC4E40010FEF0 /* Products */;
			projectDirPath = "";
			projectReferences = (
				{
					ProductGroup = C4F5D0B11C276F450072C28B /* Products */;
					ProjectRef = C4F5D0B01C276F450072C28B /* SwiftDate.xcodeproj */;
				},
			);
			projectRoot = "";
			targets = (
				C45F3CB41B9AC4E40010FEF0 /* FridgeApp */,
				C45F3CCB1B9AC4E40010FEF0 /* FridgeAppTests */,
			);
		};
/* End PBXProject section */

/* Begin PBXReferenceProxy section */
		C4F5D0B61C276F450072C28B /* SwiftDate.framework */ = {
			isa = PBXReferenceProxy;
			fileType = wrapper.framework;
			path = SwiftDate.framework;
			remoteRef = C4F5D0B51C276F450072C28B /* PBXContainerItemProxy */;
			sourceTree = BUILT_PRODUCTS_DIR;
		};
		C4F5D0B81C276F450072C28B /* SwiftDateTests.xctest */ = {
			isa = PBXReferenceProxy;
			fileType = wrapper.cfbundle;
			path = SwiftDateTests.xctest;
			remoteRef = C4F5D0B71C276F450072C28B /* PBXContainerItemProxy */;
			sourceTree = BUILT_PRODUCTS_DIR;
		};
/* End PBXReferenceProxy section */

/* Begin PBXResourcesBuildPhase section */
		C45F3CB31B9AC4E40010FEF0 /* Resources */ = {
			isa = PBXResourcesBuildPhase;
			buildActionMask = 2147483647;
			files = (
				C4F56E551C2FB082004B6F42 /* Cartfile in Resources */,
				C441BBE31C35675000EDE042 /* FoodNames.txt in Resources */,
				C45F3CC21B9AC4E40010FEF0 /* Main.storyboard in Resources */,
				C4F56E771C317C46004B6F42 /* Info.plist in Resources */,
				C45F3CC71B9AC4E40010FEF0 /* LaunchScreen.xib in Resources */,
				C4705D291C35031F00952CB7 /* .gitignore in Resources */,
				C45F3CC41B9AC4E40010FEF0 /* Images.xcassets in Resources */,
			);
			runOnlyForDeploymentPostprocessing = 0;
		};
		C45F3CCA1B9AC4E40010FEF0 /* Resources */ = {
			isa = PBXResourcesBuildPhase;
			buildActionMask = 2147483647;
			files = (
				C4F56E781C317C46004B6F42 /* Info.plist in Resources */,
			);
			runOnlyForDeploymentPostprocessing = 0;
		};
/* End PBXResourcesBuildPhase section */

/* Begin PBXSourcesBuildPhase section */
		C45F3CB11B9AC4E40010FEF0 /* Sources */ = {
			isa = PBXSourcesBuildPhase;
			buildActionMask = 2147483647;
			files = (
				C48272131BB129AC00BACE1D /* ConfirmFridgeVC.swift in Sources */,
				C4F56E681C3030E8004B6F42 /* Lists.swift in Sources */,
				C4F173A21BB698B5002D9DA1 /* FoodsListTableViewController.swift in Sources */,
				C4937B911C019C07008505B9 /* FridgeTabBarController.swift in Sources */,
				C46F4E621BCF80B00020F682 /* NewIngredientViewController.swift in Sources */,
				C4CA4D4E1C1F073C005F6236 /* ExpireTableViewCell.swift in Sources */,
				C442CC291C0ADB2000BDC38C /* IngredientsByLocation.swift in Sources */,
				C45F3CBF1B9AC4E40010FEF0 /* SecondViewController.swift in Sources */,
				C4F1739F1BB69319002D9DA1 /* FoodsListTableViewCell.swift in Sources */,
				C45F3CBB1B9AC4E40010FEF0 /* AppDelegate.swift in Sources */,
				C48272111BB122BE00BACE1D /* FridgeInfo.swift in Sources */,
				C49D0A611C1F0F6D00C23EE3 /* TabBarDelegate.swift in Sources */,
				C4CA4D501C1F08C6005F6236 /* ExpireTableView.swift in Sources */,
				C441BBEA1C3AA72000EDE042 /* PeristenceManager.swift in Sources */,
				C4E458F81C2777A6005B28E3 /* ListCollectionViewCell.swift in Sources */,
				C4F56E7B1C317C46004B6F42 /* MGSwipeTableCell.m in Sources */,
				C405682D1C27C6ED0079A92F /* AddToListFromIngredientDetailsViewController.swift in Sources */,
				C45F3CDD1B9AC75E0010FEF0 /* ListViewController.swift in Sources */,
				C46E16F01BAE844E00279B69 /* ChooseAFridgeVC.swift in Sources */,
				C45F3CBD1B9AC4E40010FEF0 /* FridgeViewController.swift in Sources */,
				C4F56E791C317C46004B6F42 /* MGSwipeButton.m in Sources */,
				C485EA091BEDD65800AB9FDA /* FridgePageContentViewController.swift in Sources */,
				C49FB9051C2A501000231C8E /* AddToListFromIngredientsCollectionViewCell.swift in Sources */,
				C45F3CDF1B9ACA900010FEF0 /* FourthViewController.swift in Sources */,
				C4F173A51BB97C75002D9DA1 /* Ingredient.swift in Sources */,
				C40568291C27BDA80079A92F /* ListDetailsViewController.swift in Sources */,
			);
			runOnlyForDeploymentPostprocessing = 0;
		};
		C45F3CC81B9AC4E40010FEF0 /* Sources */ = {
			isa = PBXSourcesBuildPhase;
			buildActionMask = 2147483647;
			files = (
				C4F56E7A1C317C46004B6F42 /* MGSwipeButton.m in Sources */,
				C4F56E7C1C317C46004B6F42 /* MGSwipeTableCell.m in Sources */,
				C45F3CD31B9AC4E40010FEF0 /* FridgeAppTests.swift in Sources */,
			);
			runOnlyForDeploymentPostprocessing = 0;
		};
/* End PBXSourcesBuildPhase section */

/* Begin PBXTargetDependency section */
		C45F3CCE1B9AC4E40010FEF0 /* PBXTargetDependency */ = {
			isa = PBXTargetDependency;
			target = C45F3CB41B9AC4E40010FEF0 /* FridgeApp */;
			targetProxy = C45F3CCD1B9AC4E40010FEF0 /* PBXContainerItemProxy */;
		};
/* End PBXTargetDependency section */

/* Begin PBXVariantGroup section */
		C45F3CC01B9AC4E40010FEF0 /* Main.storyboard */ = {
			isa = PBXVariantGroup;
			children = (
				C45F3CC11B9AC4E40010FEF0 /* Base */,
			);
			name = Main.storyboard;
			sourceTree = "<group>";
		};
		C45F3CC51B9AC4E40010FEF0 /* LaunchScreen.xib */ = {
			isa = PBXVariantGroup;
			children = (
				C45F3CC61B9AC4E40010FEF0 /* Base */,
			);
			name = LaunchScreen.xib;
			sourceTree = "<group>";
		};
/* End PBXVariantGroup section */

/* Begin XCBuildConfiguration section */
		C45F3CD41B9AC4E40010FEF0 /* Debug */ = {
			isa = XCBuildConfiguration;
			buildSettings = {
				ALWAYS_SEARCH_USER_PATHS = NO;
				CLANG_CXX_LANGUAGE_STANDARD = "gnu++0x";
				CLANG_CXX_LIBRARY = "libc++";
				CLANG_ENABLE_MODULES = YES;
				CLANG_ENABLE_OBJC_ARC = YES;
				CLANG_WARN_BOOL_CONVERSION = YES;
				CLANG_WARN_CONSTANT_CONVERSION = YES;
				CLANG_WARN_DIRECT_OBJC_ISA_USAGE = YES_ERROR;
				CLANG_WARN_EMPTY_BODY = YES;
				CLANG_WARN_ENUM_CONVERSION = YES;
				CLANG_WARN_INT_CONVERSION = YES;
				CLANG_WARN_OBJC_ROOT_CLASS = YES_ERROR;
				CLANG_WARN_UNREACHABLE_CODE = YES;
				CLANG_WARN__DUPLICATE_METHOD_MATCH = YES;
				"CODE_SIGN_IDENTITY[sdk=iphoneos*]" = "iPhone Developer";
				COPY_PHASE_STRIP = NO;
				DEBUG_INFORMATION_FORMAT = "dwarf-with-dsym";
				ENABLE_STRICT_OBJC_MSGSEND = YES;
				ENABLE_TESTABILITY = YES;
				GCC_C_LANGUAGE_STANDARD = gnu99;
				GCC_DYNAMIC_NO_PIC = NO;
				GCC_NO_COMMON_BLOCKS = YES;
				GCC_OPTIMIZATION_LEVEL = 0;
				GCC_PREPROCESSOR_DEFINITIONS = (
					"DEBUG=1",
					"$(inherited)",
				);
				GCC_SYMBOLS_PRIVATE_EXTERN = NO;
				GCC_WARN_64_TO_32_BIT_CONVERSION = YES;
				GCC_WARN_ABOUT_RETURN_TYPE = YES_ERROR;
				GCC_WARN_UNDECLARED_SELECTOR = YES;
				GCC_WARN_UNINITIALIZED_AUTOS = YES_AGGRESSIVE;
				GCC_WARN_UNUSED_FUNCTION = YES;
				GCC_WARN_UNUSED_VARIABLE = YES;
				IPHONEOS_DEPLOYMENT_TARGET = 7.0;
				MTL_ENABLE_DEBUG_INFO = YES;
				ONLY_ACTIVE_ARCH = YES;
				SDKROOT = iphoneos;
				SWIFT_OPTIMIZATION_LEVEL = "-Onone";
				TARGETED_DEVICE_FAMILY = "1,2";
			};
			name = Debug;
		};
		C45F3CD51B9AC4E40010FEF0 /* Release */ = {
			isa = XCBuildConfiguration;
			buildSettings = {
				ALWAYS_SEARCH_USER_PATHS = NO;
				CLANG_CXX_LANGUAGE_STANDARD = "gnu++0x";
				CLANG_CXX_LIBRARY = "libc++";
				CLANG_ENABLE_MODULES = YES;
				CLANG_ENABLE_OBJC_ARC = YES;
				CLANG_WARN_BOOL_CONVERSION = YES;
				CLANG_WARN_CONSTANT_CONVERSION = YES;
				CLANG_WARN_DIRECT_OBJC_ISA_USAGE = YES_ERROR;
				CLANG_WARN_EMPTY_BODY = YES;
				CLANG_WARN_ENUM_CONVERSION = YES;
				CLANG_WARN_INT_CONVERSION = YES;
				CLANG_WARN_OBJC_ROOT_CLASS = YES_ERROR;
				CLANG_WARN_UNREACHABLE_CODE = YES;
				CLANG_WARN__DUPLICATE_METHOD_MATCH = YES;
				"CODE_SIGN_IDENTITY[sdk=iphoneos*]" = "iPhone Developer";
				COPY_PHASE_STRIP = NO;
				DEBUG_INFORMATION_FORMAT = "dwarf-with-dsym";
				ENABLE_NS_ASSERTIONS = NO;
				ENABLE_STRICT_OBJC_MSGSEND = YES;
				GCC_C_LANGUAGE_STANDARD = gnu99;
				GCC_NO_COMMON_BLOCKS = YES;
				GCC_WARN_64_TO_32_BIT_CONVERSION = YES;
				GCC_WARN_ABOUT_RETURN_TYPE = YES_ERROR;
				GCC_WARN_UNDECLARED_SELECTOR = YES;
				GCC_WARN_UNINITIALIZED_AUTOS = YES_AGGRESSIVE;
				GCC_WARN_UNUSED_FUNCTION = YES;
				GCC_WARN_UNUSED_VARIABLE = YES;
				IPHONEOS_DEPLOYMENT_TARGET = 7.0;
				MTL_ENABLE_DEBUG_INFO = NO;
				SDKROOT = iphoneos;
				TARGETED_DEVICE_FAMILY = "1,2";
				VALIDATE_PRODUCT = YES;
			};
			name = Release;
		};
		C45F3CD71B9AC4E40010FEF0 /* Debug */ = {
			isa = XCBuildConfiguration;
			buildSettings = {
				ASSETCATALOG_COMPILER_APPICON_NAME = AppIcon;
				CLANG_ENABLE_MODULES = YES;
				CODE_SIGN_IDENTITY = "iPhone Developer: cpeers@gmail.com (4Z536452N7)";
				EMBEDDED_CONTENT_CONTAINS_SWIFT = NO;
				FRAMEWORK_SEARCH_PATHS = (
					"$(inherited)",
					"$(PROJECT_DIR)/build/Debug-iphoneos",
					"$(PROJECT_DIR)/FridgeApp/Carthage/Build/iOS",
				);
				INFOPLIST_FILE = FridgeApp/Info.plist;
				IPHONEOS_DEPLOYMENT_TARGET = 8.0;
				LD_RUNPATH_SEARCH_PATHS = "$(inherited) @executable_path/Frameworks";
				ONLY_ACTIVE_ARCH = NO;
				PRODUCT_BUNDLE_IDENTIFIER = "DontHaveANameYet.$(PRODUCT_NAME:rfc1034identifier)";
				PRODUCT_NAME = "$(TARGET_NAME)";
				SWIFT_OBJC_BRIDGING_HEADER = "FridgeApp/FridgeApp-Bridging-Header.h";
				SWIFT_OPTIMIZATION_LEVEL = "-Onone";
			};
			name = Debug;
		};
		C45F3CD81B9AC4E40010FEF0 /* Release */ = {
			isa = XCBuildConfiguration;
			buildSettings = {
				ASSETCATALOG_COMPILER_APPICON_NAME = AppIcon;
				CLANG_ENABLE_MODULES = YES;
				CODE_SIGN_IDENTITY = "iPhone Developer: cpeers@gmail.com (4Z536452N7)";
				EMBEDDED_CONTENT_CONTAINS_SWIFT = NO;
				FRAMEWORK_SEARCH_PATHS = (
					"$(inherited)",
					"$(PROJECT_DIR)/build/Debug-iphoneos",
					"$(PROJECT_DIR)/FridgeApp/Carthage/Build/iOS",
				);
				INFOPLIST_FILE = FridgeApp/Info.plist;
				IPHONEOS_DEPLOYMENT_TARGET = 8.0;
				LD_RUNPATH_SEARCH_PATHS = "$(inherited) @executable_path/Frameworks";
				PRODUCT_BUNDLE_IDENTIFIER = "DontHaveANameYet.$(PRODUCT_NAME:rfc1034identifier)";
				PRODUCT_NAME = "$(TARGET_NAME)";
				SWIFT_OBJC_BRIDGING_HEADER = "FridgeApp/FridgeApp-Bridging-Header.h";
			};
			name = Release;
		};
		C45F3CDA1B9AC4E40010FEF0 /* Debug */ = {
			isa = XCBuildConfiguration;
			buildSettings = {
				BUNDLE_LOADER = "$(TEST_HOST)";
				FRAMEWORK_SEARCH_PATHS = (
					"$(SDKROOT)/Developer/Library/Frameworks",
					"$(inherited)",
					"$(PROJECT_DIR)/build/Debug-iphoneos",
				);
				GCC_PREPROCESSOR_DEFINITIONS = (
					"DEBUG=1",
					"$(inherited)",
				);
				INFOPLIST_FILE = FridgeAppTests/Info.plist;
				LD_RUNPATH_SEARCH_PATHS = "$(inherited) @executable_path/Frameworks @loader_path/Frameworks";
				PRODUCT_BUNDLE_IDENTIFIER = "DontHaveANameYet.$(PRODUCT_NAME:rfc1034identifier)";
				PRODUCT_NAME = "$(TARGET_NAME)";
				TEST_HOST = "";
			};
			name = Debug;
		};
		C45F3CDB1B9AC4E40010FEF0 /* Release */ = {
			isa = XCBuildConfiguration;
			buildSettings = {
				BUNDLE_LOADER = "$(TEST_HOST)";
				FRAMEWORK_SEARCH_PATHS = (
					"$(SDKROOT)/Developer/Library/Frameworks",
					"$(inherited)",
					"$(PROJECT_DIR)/build/Debug-iphoneos",
				);
				INFOPLIST_FILE = FridgeAppTests/Info.plist;
				LD_RUNPATH_SEARCH_PATHS = "$(inherited) @executable_path/Frameworks @loader_path/Frameworks";
				PRODUCT_BUNDLE_IDENTIFIER = "DontHaveANameYet.$(PRODUCT_NAME:rfc1034identifier)";
				PRODUCT_NAME = "$(TARGET_NAME)";
			};
			name = Release;
		};
/* End XCBuildConfiguration section */

/* Begin XCConfigurationList section */
		C45F3CB01B9AC4E40010FEF0 /* Build configuration list for PBXProject "FridgeApp" */ = {
			isa = XCConfigurationList;
			buildConfigurations = (
				C45F3CD41B9AC4E40010FEF0 /* Debug */,
				C45F3CD51B9AC4E40010FEF0 /* Release */,
			);
			defaultConfigurationIsVisible = 0;
			defaultConfigurationName = Release;
		};
		C45F3CD61B9AC4E40010FEF0 /* Build configuration list for PBXNativeTarget "FridgeApp" */ = {
			isa = XCConfigurationList;
			buildConfigurations = (
				C45F3CD71B9AC4E40010FEF0 /* Debug */,
				C45F3CD81B9AC4E40010FEF0 /* Release */,
			);
			defaultConfigurationIsVisible = 0;
			defaultConfigurationName = Release;
		};
		C45F3CD91B9AC4E40010FEF0 /* Build configuration list for PBXNativeTarget "FridgeAppTests" */ = {
			isa = XCConfigurationList;
			buildConfigurations = (
				C45F3CDA1B9AC4E40010FEF0 /* Debug */,
				C45F3CDB1B9AC4E40010FEF0 /* Release */,
			);
			defaultConfigurationIsVisible = 0;
			defaultConfigurationName = Release;
		};
/* End XCConfigurationList section */
	};
	rootObject = C45F3CAD1B9AC4E40010FEF0 /* Project object */;
}
